
Microsoft Visual Studio Solution File, Format Version 12.00
# Visual Studio Version 17
VisualStudioVersion = 17.12.35527.113
MinimumVisualStudioVersion = 10.0.40219.1
Project("{8BC9CEB8-8B4A-11D0-8D11-00A0C91BC942}") = "Program", "Program\Program.vcxproj", "{0BDD79E4-ACC1-4BEE-A942-7799EA9242BE}"
EndProject
Project("{8BC9CEB8-8B4A-11D0-8D11-00A0C91BC942}") = "Class1th (Single Linked List)", "Class1th (Single Linked List)\Class1th (Single Linked List).vcxproj", "{AC8D5C86-24A7-4552-80BA-2E6DF13215E7}"
EndProject
Project("{8BC9CEB8-8B4A-11D0-8D11-00A0C91BC942}") = "Class2th (Double Linked List)", "Class2th (Double Linked List)\Class2th (Double Linked List).vcxproj", "{037E0DA6-4112-4F65-A6B6-9707080CE554}"
EndProject
Project("{8BC9CEB8-8B4A-11D0-8D11-00A0C91BC942}") = "Class3th (Circle Linked List)", "Class3th (Circle Linked List)\Class3th (Circle Linked List).vcxproj", "{241145E6-570D-40EF-BE0B-9691E8CA30F9}"
EndProject
Project("{8BC9CEB8-8B4A-11D0-8D11-00A0C91BC942}") = "Class4th (Stack)", "Class4th (Stack)\Class4th (Stack).vcxproj", "{119A2F83-FEA6-4DA9-A919-84059DC11907}"
EndProject
Project("{8BC9CEB8-8B4A-11D0-8D11-00A0C91BC942}") = "Class5th (Linear Queue)", "Class5th (Linear Queue)\Class5th (Linear Queue).vcxproj", "{52A27FB2-CD15-44B3-9860-39933B9140A7}"
EndProject
Project("{8BC9CEB8-8B4A-11D0-8D11-00A0C91BC942}") = "Class6th (Circle Queue)", "Class6th (Circle Queue)\Class6th (Circle Queue).vcxproj", "{6704E305-4457-44AA-A096-98F8BFCE4F21}"
EndProject
Project("{8BC9CEB8-8B4A-11D0-8D11-00A0C91BC942}") = "Class7th (Vector)", "Class7th (Vector)\Class7th (Vector).vcxproj", "{05006B49-09F7-4FE8-9A3A-B6F57297294A}"
EndProject
Project("{8BC9CEB8-8B4A-11D0-8D11-00A0C91BC942}") = "Class8th (String)", "Class8th (String)\Class8th (String).vcxproj", "{336CBAB8-EF25-4BEB-9E9C-E9B32FF42E89}"
EndProject
Project("{8BC9CEB8-8B4A-11D0-8D11-00A0C91BC942}") = "Class9th (Hash Table)", "Class9th (Hash Table)\Class9th (Hash Table).vcxproj", "{E0329BB8-A48E-4E70-84E9-9ACDBEDB350A}"
EndProject
Global
	GlobalSection(SolutionConfigurationPlatforms) = preSolution
		Debug|x64 = Debug|x64
		Debug|x86 = Debug|x86
		Release|x64 = Release|x64
		Release|x86 = Release|x86
	EndGlobalSection
	GlobalSection(ProjectConfigurationPlatforms) = postSolution
		{0BDD79E4-ACC1-4BEE-A942-7799EA9242BE}.Debug|x64.ActiveCfg = Debug|x64
		{0BDD79E4-ACC1-4BEE-A942-7799EA9242BE}.Debug|x64.Build.0 = Debug|x64
		{0BDD79E4-ACC1-4BEE-A942-7799EA9242BE}.Debug|x86.ActiveCfg = Debug|Win32
		{0BDD79E4-ACC1-4BEE-A942-7799EA9242BE}.Debug|x86.Build.0 = Debug|Win32
		{0BDD79E4-ACC1-4BEE-A942-7799EA9242BE}.Release|x64.ActiveCfg = Release|x64
		{0BDD79E4-ACC1-4BEE-A942-7799EA9242BE}.Release|x64.Build.0 = Release|x64
		{0BDD79E4-ACC1-4BEE-A942-7799EA9242BE}.Release|x86.ActiveCfg = Release|Win32
		{0BDD79E4-ACC1-4BEE-A942-7799EA9242BE}.Release|x86.Build.0 = Release|Win32
		{AC8D5C86-24A7-4552-80BA-2E6DF13215E7}.Debug|x64.ActiveCfg = Debug|x64
		{AC8D5C86-24A7-4552-80BA-2E6DF13215E7}.Debug|x64.Build.0 = Debug|x64
		{AC8D5C86-24A7-4552-80BA-2E6DF13215E7}.Debug|x86.ActiveCfg = Debug|Win32
		{AC8D5C86-24A7-4552-80BA-2E6DF13215E7}.Debug|x86.Build.0 = Debug|Win32
		{AC8D5C86-24A7-4552-80BA-2E6DF13215E7}.Release|x64.ActiveCfg = Release|x64
		{AC8D5C86-24A7-4552-80BA-2E6DF13215E7}.Release|x64.Build.0 = Release|x64
		{AC8D5C86-24A7-4552-80BA-2E6DF13215E7}.Release|x86.ActiveCfg = Release|Win32
		{AC8D5C86-24A7-4552-80BA-2E6DF13215E7}.Release|x86.Build.0 = Release|Win32
		{037E0DA6-4112-4F65-A6B6-9707080CE554}.Debug|x64.ActiveCfg = Debug|x64
		{037E0DA6-4112-4F65-A6B6-9707080CE554}.Debug|x64.Build.0 = Debug|x64
		{037E0DA6-4112-4F65-A6B6-9707080CE554}.Debug|x86.ActiveCfg = Debug|Win32
		{037E0DA6-4112-4F65-A6B6-9707080CE554}.Debug|x86.Build.0 = Debug|Win32
		{037E0DA6-4112-4F65-A6B6-9707080CE554}.Release|x64.ActiveCfg = Release|x64
		{037E0DA6-4112-4F65-A6B6-9707080CE554}.Release|x64.Build.0 = Release|x64
		{037E0DA6-4112-4F65-A6B6-9707080CE554}.Release|x86.ActiveCfg = Release|Win32
		{037E0DA6-4112-4F65-A6B6-9707080CE554}.Release|x86.Build.0 = Release|Win32
		{241145E6-570D-40EF-BE0B-9691E8CA30F9}.Debug|x64.ActiveCfg = Debug|x64
		{241145E6-570D-40EF-BE0B-9691E8CA30F9}.Debug|x64.Build.0 = Debug|x64
		{241145E6-570D-40EF-BE0B-9691E8CA30F9}.Debug|x86.ActiveCfg = Debug|Win32
		{241145E6-570D-40EF-BE0B-9691E8CA30F9}.Debug|x86.Build.0 = Debug|Win32
		{241145E6-570D-40EF-BE0B-9691E8CA30F9}.Release|x64.ActiveCfg = Release|x64
		{241145E6-570D-40EF-BE0B-9691E8CA30F9}.Release|x64.Build.0 = Release|x64
		{241145E6-570D-40EF-BE0B-9691E8CA30F9}.Release|x86.ActiveCfg = Release|Win32
		{241145E6-570D-40EF-BE0B-9691E8CA30F9}.Release|x86.Build.0 = Release|Win32
		{119A2F83-FEA6-4DA9-A919-84059DC11907}.Debug|x64.ActiveCfg = Debug|x64
		{119A2F83-FEA6-4DA9-A919-84059DC11907}.Debug|x64.Build.0 = Debug|x64
		{119A2F83-FEA6-4DA9-A919-84059DC11907}.Debug|x86.ActiveCfg = Debug|Win32
		{119A2F83-FEA6-4DA9-A919-84059DC11907}.Debug|x86.Build.0 = Debug|Win32
		{119A2F83-FEA6-4DA9-A919-84059DC11907}.Release|x64.ActiveCfg = Release|x64
		{119A2F83-FEA6-4DA9-A919-84059DC11907}.Release|x64.Build.0 = Release|x64
		{119A2F83-FEA6-4DA9-A919-84059DC11907}.Release|x86.ActiveCfg = Release|Win32
		{119A2F83-FEA6-4DA9-A919-84059DC11907}.Release|x86.Build.0 = Release|Win32
		{52A27FB2-CD15-44B3-9860-39933B9140A7}.Debug|x64.ActiveCfg = Debug|x64
		{52A27FB2-CD15-44B3-9860-39933B9140A7}.Debug|x64.Build.0 = Debug|x64
		{52A27FB2-CD15-44B3-9860-39933B9140A7}.Debug|x86.ActiveCfg = Debug|Win32
		{52A27FB2-CD15-44B3-9860-39933B9140A7}.Debug|x86.Build.0 = Debug|Win32
		{52A27FB2-CD15-44B3-9860-39933B9140A7}.Release|x64.ActiveCfg = Release|x64
		{52A27FB2-CD15-44B3-9860-39933B9140A7}.Release|x64.Build.0 = Release|x64
		{52A27FB2-CD15-44B3-9860-39933B9140A7}.Release|x86.ActiveCfg = Release|Win32
		{52A27FB2-CD15-44B3-9860-39933B9140A7}.Release|x86.Build.0 = Release|Win32
		{6704E305-4457-44AA-A096-98F8BFCE4F21}.Debug|x64.ActiveCfg = Debug|x64
		{6704E305-4457-44AA-A096-98F8BFCE4F21}.Debug|x64.Build.0 = Debug|x64
		{6704E305-4457-44AA-A096-98F8BFCE4F21}.Debug|x86.ActiveCfg = Debug|Win32
		{6704E305-4457-44AA-A096-98F8BFCE4F21}.Debug|x86.Build.0 = Debug|Win32
		{6704E305-4457-44AA-A096-98F8BFCE4F21}.Release|x64.ActiveCfg = Release|x64
		{6704E305-4457-44AA-A096-98F8BFCE4F21}.Release|x64.Build.0 = Release|x64
		{6704E305-4457-44AA-A096-98F8BFCE4F21}.Release|x86.ActiveCfg = Release|Win32
		{6704E305-4457-44AA-A096-98F8BFCE4F21}.Release|x86.Build.0 = Release|Win32
		{05006B49-09F7-4FE8-9A3A-B6F57297294A}.Debug|x64.ActiveCfg = Debug|x64
		{05006B49-09F7-4FE8-9A3A-B6F57297294A}.Debug|x64.Build.0 = Debug|x64
		{05006B49-09F7-4FE8-9A3A-B6F57297294A}.Debug|x86.ActiveCfg = Debug|Win32
		{05006B49-09F7-4FE8-9A3A-B6F57297294A}.Debug|x86.Build.0 = Debug|Win32
		{05006B49-09F7-4FE8-9A3A-B6F57297294A}.Release|x64.ActiveCfg = Release|x64
		{05006B49-09F7-4FE8-9A3A-B6F57297294A}.Release|x64.Build.0 = Release|x64
		{05006B49-09F7-4FE8-9A3A-B6F57297294A}.Release|x86.ActiveCfg = Release|Win32
		{05006B49-09F7-4FE8-9A3A-B6F57297294A}.Release|x86.Build.0 = Release|Win32
		{336CBAB8-EF25-4BEB-9E9C-E9B32FF42E89}.Debug|x64.ActiveCfg = Debug|x64
		{336CBAB8-EF25-4BEB-9E9C-E9B32FF42E89}.Debug|x64.Build.0 = Debug|x64
		{336CBAB8-EF25-4BEB-9E9C-E9B32FF42E89}.Debug|x86.ActiveCfg = Debug|Win32
		{336CBAB8-EF25-4BEB-9E9C-E9B32FF42E89}.Debug|x86.Build.0 = Debug|Win32
		{336CBAB8-EF25-4BEB-9E9C-E9B32FF42E89}.Release|x64.ActiveCfg = Release|x64
		{336CBAB8-EF25-4BEB-9E9C-E9B32FF42E89}.Release|x64.Build.0 = Release|x64
		{336CBAB8-EF25-4BEB-9E9C-E9B32FF42E89}.Release|x86.ActiveCfg = Release|Win32
		{336CBAB8-EF25-4BEB-9E9C-E9B32FF42E89}.Release|x86.Build.0 = Release|Win32
		{E0329BB8-A48E-4E70-84E9-9ACDBEDB350A}.Debug|x64.ActiveCfg = Debug|x64
		{E0329BB8-A48E-4E70-84E9-9ACDBEDB350A}.Debug|x64.Build.0 = Debug|x64
		{E0329BB8-A48E-4E70-84E9-9ACDBEDB350A}.Debug|x86.ActiveCfg = Debug|Win32
		{E0329BB8-A48E-4E70-84E9-9ACDBEDB350A}.Debug|x86.Build.0 = Debug|Win32
		{E0329BB8-A48E-4E70-84E9-9ACDBEDB350A}.Release|x64.ActiveCfg = Release|x64
		{E0329BB8-A48E-4E70-84E9-9ACDBEDB350A}.Release|x64.Build.0 = Release|x64
		{E0329BB8-A48E-4E70-84E9-9ACDBEDB350A}.Release|x86.ActiveCfg = Release|Win32
		{E0329BB8-A48E-4E70-84E9-9ACDBEDB350A}.Release|x86.Build.0 = Release|Win32
	EndGlobalSection
	GlobalSection(SolutionProperties) = preSolution
		HideSolutionNode = FALSE
	EndGlobalSection
EndGlobal
